// !$*UTF8*$!
{
	archiveVersion = 1;
	classes = {
	};
	objectVersion = 46;
	objects = {

/* Begin PBXBuildFile section */
		23609D261D406D4800FA85F2 /* STChildViewController.m in Sources */ = {isa = PBXBuildFile; fileRef = 23609D1E1D406D4800FA85F2 /* STChildViewController.m */; };
		23609D271D406D4800FA85F2 /* STNavBarView.m in Sources */ = {isa = PBXBuildFile; fileRef = 23609D201D406D4800FA85F2 /* STNavBarView.m */; };
		23609D281D406D4800FA85F2 /* STNavigationController.m in Sources */ = {isa = PBXBuildFile; fileRef = 23609D221D406D4800FA85F2 /* STNavigationController.m */; };
		23609D291D406D4800FA85F2 /* STTabBarController.m in Sources */ = {isa = PBXBuildFile; fileRef = 23609D241D406D4800FA85F2 /* STTabBarController.m */; };
		23609D2E1D40A42100FA85F2 /* WYCSecondViewController.m in Sources */ = {isa = PBXBuildFile; fileRef = 23609D2D1D40A42100FA85F2 /* WYCSecondViewController.m */; };
		23609D311D40A42D00FA85F2 /* WYCThirdViewController.m in Sources */ = {isa = PBXBuildFile; fileRef = 23609D301D40A42D00FA85F2 /* WYCThirdViewController.m */; };
		23609D341D40A97500FA85F2 /* WYCRightBayViewController.m in Sources */ = {isa = PBXBuildFile; fileRef = 23609D331D40A97500FA85F2 /* WYCRightBayViewController.m */; };
		23609D361D40A9CB00FA85F2 /* WYCRightBayViewController.storyboard in Resources */ = {isa = PBXBuildFile; fileRef = 23609D351D40A9CB00FA85F2 /* WYCRightBayViewController.storyboard */; };
		23609D3A1D40B77100FA85F2 /* WYCAdvert.m in Sources */ = {isa = PBXBuildFile; fileRef = 23609D391D40B77100FA85F2 /* WYCAdvert.m */; };
		23609D441D42203900FA85F2 /* MCContent.m in Sources */ = {isa = PBXBuildFile; fileRef = 23609D3D1D42203900FA85F2 /* MCContent.m */; };
		23609D451D42203900FA85F2 /* MCLeftSliderManager.m in Sources */ = {isa = PBXBuildFile; fileRef = 23609D3F1D42203900FA85F2 /* MCLeftSliderManager.m */; };
		23609D461D42203900FA85F2 /* MCLeftSlideViewController.m in Sources */ = {isa = PBXBuildFile; fileRef = 23609D411D42203900FA85F2 /* MCLeftSlideViewController.m */; };
		23609D471D42203900FA85F2 /* UIView_extra.m in Sources */ = {isa = PBXBuildFile; fileRef = 23609D431D42203900FA85F2 /* UIView_extra.m */; };
		23609D4D1D42253000FA85F2 /* MCLeftSortsViewController.m in Sources */ = {isa = PBXBuildFile; fileRef = 23609D4C1D42253000FA85F2 /* MCLeftSortsViewController.m */; };
		23905BD81D3F148C0013C227 /* main.m in Sources */ = {isa = PBXBuildFile; fileRef = 23905BD71D3F148C0013C227 /* main.m */; };
		23905BDB1D3F148C0013C227 /* AppDelegate.m in Sources */ = {isa = PBXBuildFile; fileRef = 23905BDA1D3F148C0013C227 /* AppDelegate.m */; };
		23905BE11D3F148C0013C227 /* Main.storyboard in Resources */ = {isa = PBXBuildFile; fileRef = 23905BDF1D3F148C0013C227 /* Main.storyboard */; };
		23905BE31D3F148C0013C227 /* Assets.xcassets in Resources */ = {isa = PBXBuildFile; fileRef = 23905BE21D3F148C0013C227 /* Assets.xcassets */; };
		23905BE61D3F148C0013C227 /* LaunchScreen.storyboard in Resources */ = {isa = PBXBuildFile; fileRef = 23905BE41D3F148C0013C227 /* LaunchScreen.storyboard */; };
		23905BF11D3F148C0013C227 /* TotalTestTests.m in Sources */ = {isa = PBXBuildFile; fileRef = 23905BF01D3F148C0013C227 /* TotalTestTests.m */; };
		23905BFC1D3F148C0013C227 /* TotalTestUITests.m in Sources */ = {isa = PBXBuildFile; fileRef = 23905BFB1D3F148C0013C227 /* TotalTestUITests.m */; };
		2395E1541D3F1D4D00A5D56A /* WYCMainViewController.m in Sources */ = {isa = PBXBuildFile; fileRef = 2395E1531D3F1D4D00A5D56A /* WYCMainViewController.m */; };
/* End PBXBuildFile section */

/* Begin PBXContainerItemProxy section */
		23905BED1D3F148C0013C227 /* PBXContainerItemProxy */ = {
			isa = PBXContainerItemProxy;
			containerPortal = 23905BCB1D3F148C0013C227 /* Project object */;
			proxyType = 1;
			remoteGlobalIDString = 23905BD21D3F148C0013C227;
			remoteInfo = TotalTest;
		};
		23905BF81D3F148C0013C227 /* PBXContainerItemProxy */ = {
			isa = PBXContainerItemProxy;
			containerPortal = 23905BCB1D3F148C0013C227 /* Project object */;
			proxyType = 1;
			remoteGlobalIDString = 23905BD21D3F148C0013C227;
			remoteInfo = TotalTest;
		};
/* End PBXContainerItemProxy section */

/* Begin PBXFileReference section */
		23609D1D1D406D4800FA85F2 /* STChildViewController.h */ = {isa = PBXFileReference; fileEncoding = 4; lastKnownFileType = sourcecode.c.h; path = STChildViewController.h; sourceTree = "<group>"; };
		23609D1E1D406D4800FA85F2 /* STChildViewController.m */ = {isa = PBXFileReference; fileEncoding = 4; lastKnownFileType = sourcecode.c.objc; path = STChildViewController.m; sourceTree = "<group>"; };
		23609D1F1D406D4800FA85F2 /* STNavBarView.h */ = {isa = PBXFileReference; fileEncoding = 4; lastKnownFileType = sourcecode.c.h; path = STNavBarView.h; sourceTree = "<group>"; };
		23609D201D406D4800FA85F2 /* STNavBarView.m */ = {isa = PBXFileReference; fileEncoding = 4; lastKnownFileType = sourcecode.c.objc; path = STNavBarView.m; sourceTree = "<group>"; };
		23609D211D406D4800FA85F2 /* STNavigationController.h */ = {isa = PBXFileReference; fileEncoding = 4; lastKnownFileType = sourcecode.c.h; path = STNavigationController.h; sourceTree = "<group>"; };
		23609D221D406D4800FA85F2 /* STNavigationController.m */ = {isa = PBXFileReference; fileEncoding = 4; lastKnownFileType = sourcecode.c.objc; path = STNavigationController.m; sourceTree = "<group>"; };
		23609D231D406D4800FA85F2 /* STTabBarController.h */ = {isa = PBXFileReference; fileEncoding = 4; lastKnownFileType = sourcecode.c.h; path = STTabBarController.h; sourceTree = "<group>"; };
		23609D241D406D4800FA85F2 /* STTabBarController.m */ = {isa = PBXFileReference; fileEncoding = 4; lastKnownFileType = sourcecode.c.objc; path = STTabBarController.m; sourceTree = "<group>"; };
		23609D251D406D4800FA85F2 /* UIConstants.h */ = {isa = PBXFileReference; fileEncoding = 4; lastKnownFileType = sourcecode.c.h; path = UIConstants.h; sourceTree = "<group>"; };
		23609D2C1D40A42100FA85F2 /* WYCSecondViewController.h */ = {isa = PBXFileReference; fileEncoding = 4; lastKnownFileType = sourcecode.c.h; path = WYCSecondViewController.h; sourceTree = "<group>"; };
		23609D2D1D40A42100FA85F2 /* WYCSecondViewController.m */ = {isa = PBXFileReference; fileEncoding = 4; lastKnownFileType = sourcecode.c.objc; path = WYCSecondViewController.m; sourceTree = "<group>"; };
		23609D2F1D40A42D00FA85F2 /* WYCThirdViewController.h */ = {isa = PBXFileReference; fileEncoding = 4; lastKnownFileType = sourcecode.c.h; path = WYCThirdViewController.h; sourceTree = "<group>"; };
		23609D301D40A42D00FA85F2 /* WYCThirdViewController.m */ = {isa = PBXFileReference; fileEncoding = 4; lastKnownFileType = sourcecode.c.objc; path = WYCThirdViewController.m; sourceTree = "<group>"; };
		23609D321D40A97500FA85F2 /* WYCRightBayViewController.h */ = {isa = PBXFileReference; fileEncoding = 4; lastKnownFileType = sourcecode.c.h; path = WYCRightBayViewController.h; sourceTree = "<group>"; };
		23609D331D40A97500FA85F2 /* WYCRightBayViewController.m */ = {isa = PBXFileReference; fileEncoding = 4; lastKnownFileType = sourcecode.c.objc; path = WYCRightBayViewController.m; sourceTree = "<group>"; };
		23609D351D40A9CB00FA85F2 /* WYCRightBayViewController.storyboard */ = {isa = PBXFileReference; fileEncoding = 4; lastKnownFileType = file.storyboard; path = WYCRightBayViewController.storyboard; sourceTree = "<group>"; };
		23609D381D40B77100FA85F2 /* WYCAdvert.h */ = {isa = PBXFileReference; fileEncoding = 4; lastKnownFileType = sourcecode.c.h; path = WYCAdvert.h; sourceTree = "<group>"; };
		23609D391D40B77100FA85F2 /* WYCAdvert.m */ = {isa = PBXFileReference; fileEncoding = 4; lastKnownFileType = sourcecode.c.objc; path = WYCAdvert.m; sourceTree = "<group>"; };
		23609D3C1D42203900FA85F2 /* MCContent.h */ = {isa = PBXFileReference; fileEncoding = 4; lastKnownFileType = sourcecode.c.h; path = MCContent.h; sourceTree = "<group>"; };
		23609D3D1D42203900FA85F2 /* MCContent.m */ = {isa = PBXFileReference; fileEncoding = 4; lastKnownFileType = sourcecode.c.objc; path = MCContent.m; sourceTree = "<group>"; };
		23609D3E1D42203900FA85F2 /* MCLeftSliderManager.h */ = {isa = PBXFileReference; fileEncoding = 4; lastKnownFileType = sourcecode.c.h; path = MCLeftSliderManager.h; sourceTree = "<group>"; };
		23609D3F1D42203900FA85F2 /* MCLeftSliderManager.m */ = {isa = PBXFileReference; fileEncoding = 4; lastKnownFileType = sourcecode.c.objc; path = MCLeftSliderManager.m; sourceTree = "<group>"; };
		23609D401D42203900FA85F2 /* MCLeftSlideViewController.h */ = {isa = PBXFileReference; fileEncoding = 4; lastKnownFileType = sourcecode.c.h; path = MCLeftSlideViewController.h; sourceTree = "<group>"; };
		23609D411D42203900FA85F2 /* MCLeftSlideViewController.m */ = {isa = PBXFileReference; fileEncoding = 4; lastKnownFileType = sourcecode.c.objc; path = MCLeftSlideViewController.m; sourceTree = "<group>"; };
		23609D421D42203900FA85F2 /* UIView_extra.h */ = {isa = PBXFileReference; fileEncoding = 4; lastKnownFileType = sourcecode.c.h; path = UIView_extra.h; sourceTree = "<group>"; };
		23609D431D42203900FA85F2 /* UIView_extra.m */ = {isa = PBXFileReference; fileEncoding = 4; lastKnownFileType = sourcecode.c.objc; path = UIView_extra.m; sourceTree = "<group>"; };
		23609D4A1D4222A100FA85F2 /* PrefixHeader.pch */ = {isa = PBXFileReference; lastKnownFileType = sourcecode.c.h; path = PrefixHeader.pch; sourceTree = "<group>"; };
		23609D4B1D42253000FA85F2 /* MCLeftSortsViewController.h */ = {isa = PBXFileReference; fileEncoding = 4; lastKnownFileType = sourcecode.c.h; path = MCLeftSortsViewController.h; sourceTree = "<group>"; };
		23609D4C1D42253000FA85F2 /* MCLeftSortsViewController.m */ = {isa = PBXFileReference; fileEncoding = 4; lastKnownFileType = sourcecode.c.objc; path = MCLeftSortsViewController.m; sourceTree = "<group>"; };
		23905BD31D3F148C0013C227 /* TotalTest.app */ = {isa = PBXFileReference; explicitFileType = wrapper.application; includeInIndex = 0; path = TotalTest.app; sourceTree = BUILT_PRODUCTS_DIR; };
		23905BD71D3F148C0013C227 /* main.m */ = {isa = PBXFileReference; lastKnownFileType = sourcecode.c.objc; path = main.m; sourceTree = "<group>"; };
		23905BD91D3F148C0013C227 /* AppDelegate.h */ = {isa = PBXFileReference; lastKnownFileType = sourcecode.c.h; path = AppDelegate.h; sourceTree = "<group>"; };
		23905BDA1D3F148C0013C227 /* AppDelegate.m */ = {isa = PBXFileReference; lastKnownFileType = sourcecode.c.objc; path = AppDelegate.m; sourceTree = "<group>"; };
		23905BE01D3F148C0013C227 /* Base */ = {isa = PBXFileReference; lastKnownFileType = file.storyboard; name = Base; path = Base.lproj/Main.storyboard; sourceTree = "<group>"; };
		23905BE21D3F148C0013C227 /* Assets.xcassets */ = {isa = PBXFileReference; lastKnownFileType = folder.assetcatalog; path = Assets.xcassets; sourceTree = "<group>"; };
		23905BE51D3F148C0013C227 /* Base */ = {isa = PBXFileReference; lastKnownFileType = file.storyboard; name = Base; path = Base.lproj/LaunchScreen.storyboard; sourceTree = "<group>"; };
		23905BE71D3F148C0013C227 /* Info.plist */ = {isa = PBXFileReference; lastKnownFileType = text.plist.xml; path = Info.plist; sourceTree = "<group>"; };
		23905BEC1D3F148C0013C227 /* TotalTestTests.xctest */ = {isa = PBXFileReference; explicitFileType = wrapper.cfbundle; includeInIndex = 0; path = TotalTestTests.xctest; sourceTree = BUILT_PRODUCTS_DIR; };
		23905BF01D3F148C0013C227 /* TotalTestTests.m */ = {isa = PBXFileReference; lastKnownFileType = sourcecode.c.objc; path = TotalTestTests.m; sourceTree = "<group>"; };
		23905BF21D3F148C0013C227 /* Info.plist */ = {isa = PBXFileReference; lastKnownFileType = text.plist.xml; path = Info.plist; sourceTree = "<group>"; };
		23905BF71D3F148C0013C227 /* TotalTestUITests.xctest */ = {isa = PBXFileReference; explicitFileType = wrapper.cfbundle; includeInIndex = 0; path = TotalTestUITests.xctest; sourceTree = BUILT_PRODUCTS_DIR; };
		23905BFB1D3F148C0013C227 /* TotalTestUITests.m */ = {isa = PBXFileReference; lastKnownFileType = sourcecode.c.objc; path = TotalTestUITests.m; sourceTree = "<group>"; };
		23905BFD1D3F148C0013C227 /* Info.plist */ = {isa = PBXFileReference; lastKnownFileType = text.plist.xml; path = Info.plist; sourceTree = "<group>"; };
		2395E1521D3F1D4D00A5D56A /* WYCMainViewController.h */ = {isa = PBXFileReference; fileEncoding = 4; lastKnownFileType = sourcecode.c.h; path = WYCMainViewController.h; sourceTree = "<group>"; };
		2395E1531D3F1D4D00A5D56A /* WYCMainViewController.m */ = {isa = PBXFileReference; fileEncoding = 4; lastKnownFileType = sourcecode.c.objc; path = WYCMainViewController.m; sourceTree = "<group>"; };
/* End PBXFileReference section */

/* Begin PBXFrameworksBuildPhase section */
		23905BD01D3F148C0013C227 /* Frameworks */ = {
			isa = PBXFrameworksBuildPhase;
			buildActionMask = 2147483647;
			files = (
			);
			runOnlyForDeploymentPostprocessing = 0;
		};
		23905BE91D3F148C0013C227 /* Frameworks */ = {
			isa = PBXFrameworksBuildPhase;
			buildActionMask = 2147483647;
			files = (
			);
			runOnlyForDeploymentPostprocessing = 0;
		};
		23905BF41D3F148C0013C227 /* Frameworks */ = {
			isa = PBXFrameworksBuildPhase;
			buildActionMask = 2147483647;
			files = (
			);
			runOnlyForDeploymentPostprocessing = 0;
		};
/* End PBXFrameworksBuildPhase section */

/* Begin PBXGroup section */
		23609D1A1D406D3400FA85F2 /* Tools */ = {
			isa = PBXGroup;
			children = (
				23609D3B1D42203900FA85F2 /* LeftSlideViewController */,
				23609D1B1D406D4800FA85F2 /* tabbar */,
			);
			name = Tools;
			sourceTree = "<group>";
		};
		23609D1B1D406D4800FA85F2 /* tabbar */ = {
			isa = PBXGroup;
			children = (
				23609D1C1D406D4800FA85F2 /* baseclass */,
				23609D1F1D406D4800FA85F2 /* STNavBarView.h */,
				23609D201D406D4800FA85F2 /* STNavBarView.m */,
				23609D211D406D4800FA85F2 /* STNavigationController.h */,
				23609D221D406D4800FA85F2 /* STNavigationController.m */,
				23609D231D406D4800FA85F2 /* STTabBarController.h */,
				23609D241D406D4800FA85F2 /* STTabBarController.m */,
				23609D251D406D4800FA85F2 /* UIConstants.h */,
			);
			path = tabbar;
			sourceTree = "<group>";
		};
		23609D1C1D406D4800FA85F2 /* baseclass */ = {
			isa = PBXGroup;
			children = (
				23609D1D1D406D4800FA85F2 /* STChildViewController.h */,
				23609D1E1D406D4800FA85F2 /* STChildViewController.m */,
			);
			path = baseclass;
			sourceTree = "<group>";
		};
		23609D2A1D40A35500FA85F2 /* SecondController */ = {
			isa = PBXGroup;
			children = (
				23609D2C1D40A42100FA85F2 /* WYCSecondViewController.h */,
				23609D2D1D40A42100FA85F2 /* WYCSecondViewController.m */,
			);
			name = SecondController;
			sourceTree = "<group>";
		};
		23609D2B1D40A3B400FA85F2 /* ThirdController */ = {
			isa = PBXGroup;
			children = (
				23609D2F1D40A42D00FA85F2 /* WYCThirdViewController.h */,
				23609D301D40A42D00FA85F2 /* WYCThirdViewController.m */,
				2395E1511D3F1B2F00A5D56A /* PhotoLis */,
			);
			name = ThirdController;
			sourceTree = "<group>";
		};
		23609D371D40B73800FA85F2 /* SetAdvert */ = {
			isa = PBXGroup;
			children = (
				23609D381D40B77100FA85F2 /* WYCAdvert.h */,
				23609D391D40B77100FA85F2 /* WYCAdvert.m */,
			);
			name = SetAdvert;
			sourceTree = "<group>";
		};
		23609D3B1D42203900FA85F2 /* LeftSlideViewController */ = {
			isa = PBXGroup;
			children = (
				23609D4B1D42253000FA85F2 /* MCLeftSortsViewController.h */,
				23609D4C1D42253000FA85F2 /* MCLeftSortsViewController.m */,
				23609D3C1D42203900FA85F2 /* MCContent.h */,
				23609D3D1D42203900FA85F2 /* MCContent.m */,
				23609D3E1D42203900FA85F2 /* MCLeftSliderManager.h */,
				23609D3F1D42203900FA85F2 /* MCLeftSliderManager.m */,
				23609D401D42203900FA85F2 /* MCLeftSlideViewController.h */,
				23609D411D42203900FA85F2 /* MCLeftSlideViewController.m */,
				23609D421D42203900FA85F2 /* UIView_extra.h */,
				23609D431D42203900FA85F2 /* UIView_extra.m */,
			);
			path = LeftSlideViewController;
			sourceTree = "<group>";
		};
		23609D481D4221EF00FA85F2 /* Common */ = {
			isa = PBXGroup;
			children = (
				23609D4A1D4222A100FA85F2 /* PrefixHeader.pch */,
			);
			name = Common;
			sourceTree = "<group>";
		};
		23905BCA1D3F148C0013C227 = {
			isa = PBXGroup;
			children = (
				23905BD51D3F148C0013C227 /* TotalTest */,
				23905BEF1D3F148C0013C227 /* TotalTestTests */,
				23905BFA1D3F148C0013C227 /* TotalTestUITests */,
				23905BD41D3F148C0013C227 /* Products */,
			);
			sourceTree = "<group>";
		};
		23905BD41D3F148C0013C227 /* Products */ = {
			isa = PBXGroup;
			children = (
				23905BD31D3F148C0013C227 /* TotalTest.app */,
				23905BEC1D3F148C0013C227 /* TotalTestTests.xctest */,
				23905BF71D3F148C0013C227 /* TotalTestUITests.xctest */,
			);
			name = Products;
			sourceTree = "<group>";
		};
		23905BD51D3F148C0013C227 /* TotalTest */ = {
			isa = PBXGroup;
			children = (
				23609D481D4221EF00FA85F2 /* Common */,
				23609D371D40B73800FA85F2 /* SetAdvert */,
				23609D2B1D40A3B400FA85F2 /* ThirdController */,
				23609D2A1D40A35500FA85F2 /* SecondController */,
				23609D1A1D406D3400FA85F2 /* Tools */,
				2395E1501D3F1A7E00A5D56A /* Main */,
				23905BD91D3F148C0013C227 /* AppDelegate.h */,
				23905BDA1D3F148C0013C227 /* AppDelegate.m */,
				23905BE21D3F148C0013C227 /* Assets.xcassets */,
				23905BE41D3F148C0013C227 /* LaunchScreen.storyboard */,
				23905BE71D3F148C0013C227 /* Info.plist */,
				23905BD61D3F148C0013C227 /* Supporting Files */,
			);
			path = TotalTest;
			sourceTree = "<group>";
		};
		23905BD61D3F148C0013C227 /* Supporting Files */ = {
			isa = PBXGroup;
			children = (
				23905BD71D3F148C0013C227 /* main.m */,
			);
			name = "Supporting Files";
			sourceTree = "<group>";
		};
		23905BEF1D3F148C0013C227 /* TotalTestTests */ = {
			isa = PBXGroup;
			children = (
				23905BF01D3F148C0013C227 /* TotalTestTests.m */,
				23905BF21D3F148C0013C227 /* Info.plist */,
			);
			path = TotalTestTests;
			sourceTree = "<group>";
		};
		23905BFA1D3F148C0013C227 /* TotalTestUITests */ = {
			isa = PBXGroup;
			children = (
				23905BFB1D3F148C0013C227 /* TotalTestUITests.m */,
				23905BFD1D3F148C0013C227 /* Info.plist */,
			);
			path = TotalTestUITests;
			sourceTree = "<group>";
		};
		2395E1501D3F1A7E00A5D56A /* Main */ = {
			isa = PBXGroup;
			children = (
				23905BDF1D3F148C0013C227 /* Main.storyboard */,
				2395E1521D3F1D4D00A5D56A /* WYCMainViewController.h */,
				2395E1531D3F1D4D00A5D56A /* WYCMainViewController.m */,
			);
			name = Main;
			sourceTree = "<group>";
		};
		2395E1511D3F1B2F00A5D56A /* PhotoLis */ = {
			isa = PBXGroup;
			children = (
				23609D321D40A97500FA85F2 /* WYCRightBayViewController.h */,
				23609D331D40A97500FA85F2 /* WYCRightBayViewController.m */,
				23609D351D40A9CB00FA85F2 /* WYCRightBayViewController.storyboard */,
			);
			name = PhotoLis;
			sourceTree = "<group>";
		};
/* End PBXGroup section */

/* Begin PBXNativeTarget section */
		23905BD21D3F148C0013C227 /* TotalTest */ = {
			isa = PBXNativeTarget;
			buildConfigurationList = 23905C001D3F148C0013C227 /* Build configuration list for PBXNativeTarget "TotalTest" */;
			buildPhases = (
				23905BCF1D3F148C0013C227 /* Sources */,
				23905BD01D3F148C0013C227 /* Frameworks */,
				23905BD11D3F148C0013C227 /* Resources */,
			);
			buildRules = (
			);
			dependencies = (
			);
			name = TotalTest;
			productName = TotalTest;
			productReference = 23905BD31D3F148C0013C227 /* TotalTest.app */;
			productType = "com.apple.product-type.application";
		};
		23905BEB1D3F148C0013C227 /* TotalTestTests */ = {
			isa = PBXNativeTarget;
			buildConfigurationList = 23905C031D3F148C0013C227 /* Build configuration list for PBXNativeTarget "TotalTestTests" */;
			buildPhases = (
				23905BE81D3F148C0013C227 /* Sources */,
				23905BE91D3F148C0013C227 /* Frameworks */,
				23905BEA1D3F148C0013C227 /* Resources */,
			);
			buildRules = (
			);
			dependencies = (
				23905BEE1D3F148C0013C227 /* PBXTargetDependency */,
			);
			name = TotalTestTests;
			productName = TotalTestTests;
			productReference = 23905BEC1D3F148C0013C227 /* TotalTestTests.xctest */;
			productType = "com.apple.product-type.bundle.unit-test";
		};
		23905BF61D3F148C0013C227 /* TotalTestUITests */ = {
			isa = PBXNativeTarget;
			buildConfigurationList = 23905C061D3F148C0013C227 /* Build configuration list for PBXNativeTarget "TotalTestUITests" */;
			buildPhases = (
				23905BF31D3F148C0013C227 /* Sources */,
				23905BF41D3F148C0013C227 /* Frameworks */,
				23905BF51D3F148C0013C227 /* Resources */,
			);
			buildRules = (
			);
			dependencies = (
				23905BF91D3F148C0013C227 /* PBXTargetDependency */,
			);
			name = TotalTestUITests;
			productName = TotalTestUITests;
			productReference = 23905BF71D3F148C0013C227 /* TotalTestUITests.xctest */;
			productType = "com.apple.product-type.bundle.ui-testing";
		};
/* End PBXNativeTarget section */

/* Begin PBXProject section */
		23905BCB1D3F148C0013C227 /* Project object */ = {
			isa = PBXProject;
			attributes = {
				CLASSPREFIX = WYC;
				LastUpgradeCheck = 0730;
				ORGANIZATIONNAME = wei63w;
				TargetAttributes = {
					23905BD21D3F148C0013C227 = {
						CreatedOnToolsVersion = 7.3.1;
					};
					23905BEB1D3F148C0013C227 = {
						CreatedOnToolsVersion = 7.3.1;
						TestTargetID = 23905BD21D3F148C0013C227;
					};
					23905BF61D3F148C0013C227 = {
						CreatedOnToolsVersion = 7.3.1;
						TestTargetID = 23905BD21D3F148C0013C227;
					};
				};
			};
			buildConfigurationList = 23905BCE1D3F148C0013C227 /* Build configuration list for PBXProject "TotalTest" */;
			compatibilityVersion = "Xcode 3.2";
			developmentRegion = English;
			hasScannedForEncodings = 0;
			knownRegions = (
				en,
				Base,
			);
			mainGroup = 23905BCA1D3F148C0013C227;
			productRefGroup = 23905BD41D3F148C0013C227 /* Products */;
			projectDirPath = "";
			projectRoot = "";
			targets = (
				23905BD21D3F148C0013C227 /* TotalTest */,
				23905BEB1D3F148C0013C227 /* TotalTestTests */,
				23905BF61D3F148C0013C227 /* TotalTestUITests */,
			);
		};
/* End PBXProject section */

/* Begin PBXResourcesBuildPhase section */
		23905BD11D3F148C0013C227 /* Resources */ = {
			isa = PBXResourcesBuildPhase;
			buildActionMask = 2147483647;
			files = (
				23905BE61D3F148C0013C227 /* LaunchScreen.storyboard in Resources */,
				23905BE31D3F148C0013C227 /* Assets.xcassets in Resources */,
				23905BE11D3F148C0013C227 /* Main.storyboard in Resources */,
				23609D361D40A9CB00FA85F2 /* WYCRightBayViewController.storyboard in Resources */,
			);
			runOnlyForDeploymentPostprocessing = 0;
		};
		23905BEA1D3F148C0013C227 /* Resources */ = {
			isa = PBXResourcesBuildPhase;
			buildActionMask = 2147483647;
			files = (
			);
			runOnlyForDeploymentPostprocessing = 0;
		};
		23905BF51D3F148C0013C227 /* Resources */ = {
			isa = PBXResourcesBuildPhase;
			buildActionMask = 2147483647;
			files = (
			);
			runOnlyForDeploymentPostprocessing = 0;
		};
/* End PBXResourcesBuildPhase section */

/* Begin PBXSourcesBuildPhase section */
		23905BCF1D3F148C0013C227 /* Sources */ = {
			isa = PBXSourcesBuildPhase;
			buildActionMask = 2147483647;
			files = (
				23609D471D42203900FA85F2 /* UIView_extra.m in Sources */,
				23609D3A1D40B77100FA85F2 /* WYCAdvert.m in Sources */,
				23609D261D406D4800FA85F2 /* STChildViewController.m in Sources */,
				23905BDB1D3F148C0013C227 /* AppDelegate.m in Sources */,
				23609D451D42203900FA85F2 /* MCLeftSliderManager.m in Sources */,
				23609D2E1D40A42100FA85F2 /* WYCSecondViewController.m in Sources */,
				2395E1541D3F1D4D00A5D56A /* WYCMainViewController.m in Sources */,
				23609D441D42203900FA85F2 /* MCContent.m in Sources */,
				23609D271D406D4800FA85F2 /* STNavBarView.m in Sources */,
				23609D291D406D4800FA85F2 /* STTabBarController.m in Sources */,
				23609D311D40A42D00FA85F2 /* WYCThirdViewController.m in Sources */,
				23609D4D1D42253000FA85F2 /* MCLeftSortsViewController.m in Sources */,
				23609D281D406D4800FA85F2 /* STNavigationController.m in Sources */,
				23609D461D42203900FA85F2 /* MCLeftSlideViewController.m in Sources */,
				23609D341D40A97500FA85F2 /* WYCRightBayViewController.m in Sources */,
				23905BD81D3F148C0013C227 /* main.m in Sources */,
			);
			runOnlyForDeploymentPostprocessing = 0;
		};
		23905BE81D3F148C0013C227 /* Sources */ = {
			isa = PBXSourcesBuildPhase;
			buildActionMask = 2147483647;
			files = (
				23905BF11D3F148C0013C227 /* TotalTestTests.m in Sources */,
			);
			runOnlyForDeploymentPostprocessing = 0;
		};
		23905BF31D3F148C0013C227 /* Sources */ = {
			isa = PBXSourcesBuildPhase;
			buildActionMask = 2147483647;
			files = (
				23905BFC1D3F148C0013C227 /* TotalTestUITests.m in Sources */,
			);
			runOnlyForDeploymentPostprocessing = 0;
		};
/* End PBXSourcesBuildPhase section */

/* Begin PBXTargetDependency section */
		23905BEE1D3F148C0013C227 /* PBXTargetDependency */ = {
			isa = PBXTargetDependency;
			target = 23905BD21D3F148C0013C227 /* TotalTest */;
			targetProxy = 23905BED1D3F148C0013C227 /* PBXContainerItemProxy */;
		};
		23905BF91D3F148C0013C227 /* PBXTargetDependency */ = {
			isa = PBXTargetDependency;
			target = 23905BD21D3F148C0013C227 /* TotalTest */;
			targetProxy = 23905BF81D3F148C0013C227 /* PBXContainerItemProxy */;
		};
/* End PBXTargetDependency section */

/* Begin PBXVariantGroup section */
		23905BDF1D3F148C0013C227 /* Main.storyboard */ = {
			isa = PBXVariantGroup;
			children = (
				23905BE01D3F148C0013C227 /* Base */,
			);
			name = Main.storyboard;
			sourceTree = "<group>";
		};
		23905BE41D3F148C0013C227 /* LaunchScreen.storyboard */ = {
			isa = PBXVariantGroup;
			children = (
				23905BE51D3F148C0013C227 /* Base */,
			);
			name = LaunchScreen.storyboard;
			sourceTree = "<group>";
		};
/* End PBXVariantGroup section */

/* Begin XCBuildConfiguration section */
		23905BFE1D3F148C0013C227 /* Debug */ = {
			isa = XCBuildConfiguration;
			buildSettings = {
				ALWAYS_SEARCH_USER_PATHS = NO;
				CLANG_ANALYZER_NONNULL = YES;
				CLANG_CXX_LANGUAGE_STANDARD = "gnu++0x";
				CLANG_CXX_LIBRARY = "libc++";
				CLANG_ENABLE_MODULES = YES;
				CLANG_ENABLE_OBJC_ARC = YES;
				CLANG_WARN_BOOL_CONVERSION = YES;
				CLANG_WARN_CONSTANT_CONVERSION = YES;
				CLANG_WARN_DIRECT_OBJC_ISA_USAGE = YES_ERROR;
				CLANG_WARN_EMPTY_BODY = YES;
				CLANG_WARN_ENUM_CONVERSION = YES;
				CLANG_WARN_INT_CONVERSION = YES;
				CLANG_WARN_OBJC_ROOT_CLASS = YES_ERROR;
				CLANG_WARN_UNREACHABLE_CODE = YES;
				CLANG_WARN__DUPLICATE_METHOD_MATCH = YES;
				"CODE_SIGN_IDENTITY[sdk=iphoneos*]" = "iPhone Developer";
				COPY_PHASE_STRIP = NO;
				DEBUG_INFORMATION_FORMAT = dwarf;
				ENABLE_STRICT_OBJC_MSGSEND = YES;
				ENABLE_TESTABILITY = YES;
				GCC_C_LANGUAGE_STANDARD = gnu99;
				GCC_DYNAMIC_NO_PIC = NO;
				GCC_NO_COMMON_BLOCKS = YES;
				GCC_OPTIMIZATION_LEVEL = 0;
				GCC_PRECOMPILE_PREFIX_HEADER = NO;
				GCC_PREFIX_HEADER = "";
				GCC_PREPROCESSOR_DEFINITIONS = (
					"DEBUG=1",
					"$(inherited)",
				);
				GCC_WARN_64_TO_32_BIT_CONVERSION = YES;
				GCC_WARN_ABOUT_RETURN_TYPE = YES_ERROR;
				GCC_WARN_UNDECLARED_SELECTOR = YES;
				GCC_WARN_UNINITIALIZED_AUTOS = YES_AGGRESSIVE;
				GCC_WARN_UNUSED_FUNCTION = YES;
				GCC_WARN_UNUSED_VARIABLE = YES;
				IPHONEOS_DEPLOYMENT_TARGET = 9.3;
				MTL_ENABLE_DEBUG_INFO = YES;
				ONLY_ACTIVE_ARCH = YES;
				SDKROOT = iphoneos;
			};
			name = Debug;
		};
		23905BFF1D3F148C0013C227 /* Release */ = {
			isa = XCBuildConfiguration;
			buildSettings = {
				ALWAYS_SEARCH_USER_PATHS = NO;
				CLANG_ANALYZER_NONNULL = YES;
				CLANG_CXX_LANGUAGE_STANDARD = "gnu++0x";
				CLANG_CXX_LIBRARY = "libc++";
				CLANG_ENABLE_MODULES = YES;
				CLANG_ENABLE_OBJC_ARC = YES;
				CLANG_WARN_BOOL_CONVERSION = YES;
				CLANG_WARN_CONSTANT_CONVERSION = YES;
				CLANG_WARN_DIRECT_OBJC_ISA_USAGE = YES_ERROR;
				CLANG_WARN_EMPTY_BODY = YES;
				CLANG_WARN_ENUM_CONVERSION = YES;
				CLANG_WARN_INT_CONVERSION = YES;
				CLANG_WARN_OBJC_ROOT_CLASS = YES_ERROR;
				CLANG_WARN_UNREACHABLE_CODE = YES;
				CLANG_WARN__DUPLICATE_METHOD_MATCH = YES;
				"CODE_SIGN_IDENTITY[sdk=iphoneos*]" = "iPhone Developer";
				COPY_PHASE_STRIP = NO;
				DEBUG_INFORMATION_FORMAT = "dwarf-with-dsym";
				ENABLE_NS_ASSERTIONS = NO;
				ENABLE_STRICT_OBJC_MSGSEND = YES;
				GCC_C_LANGUAGE_STANDARD = gnu99;
				GCC_NO_COMMON_BLOCKS = YES;
				GCC_PRECOMPILE_PREFIX_HEADER = NO;
				GCC_PREFIX_HEADER = "";
				GCC_WARN_64_TO_32_BIT_CONVERSION = YES;
				GCC_WARN_ABOUT_RETURN_TYPE = YES_ERROR;
				GCC_WARN_UNDECLARED_SELECTOR = YES;
				GCC_WARN_UNINITIALIZED_AUTOS = YES_AGGRESSIVE;
				GCC_WARN_UNUSED_FUNCTION = YES;
				GCC_WARN_UNUSED_VARIABLE = YES;
				IPHONEOS_DEPLOYMENT_TARGET = 9.3;
				MTL_ENABLE_DEBUG_INFO = NO;
				SDKROOT = iphoneos;
				VALIDATE_PRODUCT = YES;
			};
			name = Release;
		};
		23905C011D3F148C0013C227 /* Debug */ = {
			isa = XCBuildConfiguration;
			buildSettings = {
				ASSETCATALOG_COMPILER_APPICON_NAME = AppIcon;
				GCC_PREFIX_HEADER = "$(SRCROOT)/TotalTest/PrefixHeader.pch";
				INFOPLIST_FILE = TotalTest/Info.plist;
				LD_RUNPATH_SEARCH_PATHS = "$(inherited) @executable_path/Frameworks";
				PRODUCT_BUNDLE_IDENTIFIER = "-21.TotalTest";
				PRODUCT_NAME = "$(TARGET_NAME)";
			};
			name = Debug;
		};
		23905C021D3F148C0013C227 /* Release */ = {
			isa = XCBuildConfiguration;
			buildSettings = {
				ASSETCATALOG_COMPILER_APPICON_NAME = AppIcon;
				GCC_PREFIX_HEADER = "$(SRCROOT)/TotalTest/PrefixHeader.pch";
				INFOPLIST_FILE = TotalTest/Info.plist;
				LD_RUNPATH_SEARCH_PATHS = "$(inherited) @executable_path/Frameworks";
				PRODUCT_BUNDLE_IDENTIFIER = "-21.TotalTest";
				PRODUCT_NAME = "$(TARGET_NAME)";
			};
			name = Release;
		};
		23905C041D3F148C0013C227 /* Debug */ = {
			isa = XCBuildConfiguration;
			buildSettings = {
				BUNDLE_LOADER = "$(TEST_HOST)";
				INFOPLIST_FILE = TotalTestTests/Info.plist;
				LD_RUNPATH_SEARCH_PATHS = "$(inherited) @executable_path/Frameworks @loader_path/Frameworks";
				PRODUCT_BUNDLE_IDENTIFIER = "-21.TotalTestTests";
				PRODUCT_NAME = "$(TARGET_NAME)";
				TEST_HOST = "$(BUILT_PRODUCTS_DIR)/TotalTest.app/TotalTest";
			};
			name = Debug;
		};
		23905C051D3F148C0013C227 /* Release */ = {
			isa = XCBuildConfiguration;
			buildSettings = {
				BUNDLE_LOADER = "$(TEST_HOST)";
				INFOPLIST_FILE = TotalTestTests/Info.plist;
				LD_RUNPATH_SEARCH_PATHS = "$(inherited) @executable_path/Frameworks @loader_path/Frameworks";
				PRODUCT_BUNDLE_IDENTIFIER = "-21.TotalTestTests";
				PRODUCT_NAME = "$(TARGET_NAME)";
				TEST_HOST = "$(BUILT_PRODUCTS_DIR)/TotalTest.app/TotalTest";
			};
			name = Release;
		};
		23905C071D3F148C0013C227 /* Debug */ = {
			isa = XCBuildConfiguration;
			buildSettings = {
				INFOPLIST_FILE = TotalTestUITests/Info.plist;
				LD_RUNPATH_SEARCH_PATHS = "$(inherited) @executable_path/Frameworks @loader_path/Frameworks";
				PRODUCT_BUNDLE_IDENTIFIER = "-21.TotalTestUITests";
				PRODUCT_NAME = "$(TARGET_NAME)";
				TEST_TARGET_NAME = TotalTest;
			};
			name = Debug;
		};
		23905C081D3F148C0013C227 /* Release */ = {
			isa = XCBuildConfiguration;
			buildSettings = {
				INFOPLIST_FILE = TotalTestUITests/Info.plist;
				LD_RUNPATH_SEARCH_PATHS = "$(inherited) @executable_path/Frameworks @loader_path/Frameworks";
				PRODUCT_BUNDLE_IDENTIFIER = "-21.TotalTestUITests";
				PRODUCT_NAME = "$(TARGET_NAME)";
				TEST_TARGET_NAME = TotalTest;
			};
			name = Release;
		};
/* End XCBuildConfiguration section */

/* Begin XCConfigurationList section */
		23905BCE1D3F148C0013C227 /* Build configuration list for PBXProject "TotalTest" */ = {
			isa = XCConfigurationList;
			buildConfigurations = (
				23905BFE1D3F148C0013C227 /* Debug */,
				23905BFF1D3F148C0013C227 /* Release */,
			);
			defaultConfigurationIsVisible = 0;
			defaultConfigurationName = Release;
		};
		23905C001D3F148C0013C227 /* Build configuration list for PBXNativeTarget "TotalTest" */ = {
			isa = XCConfigurationList;
			buildConfigurations = (
				23905C011D3F148C0013C227 /* Debug */,
				23905C021D3F148C0013C227 /* Release */,
			);
			defaultConfigurationIsVisible = 0;
			defaultConfigurationName = Release;
		};
		23905C031D3F148C0013C227 /* Build configuration list for PBXNativeTarget "TotalTestTests" */ = {
			isa = XCConfigurationList;
			buildConfigurations = (
				23905C041D3F148C0013C227 /* Debug */,
				23905C051D3F148C0013C227 /* Release */,
			);
			defaultConfigurationIsVisible = 0;
			defaultConfigurationName = Release;
		};
		23905C061D3F148C0013C227 /* Build configuration list for PBXNativeTarget "TotalTestUITests" */ = {
			isa = XCConfigurationList;
			buildConfigurations = (
				23905C071D3F148C0013C227 /* Debug */,
				23905C081D3F148C0013C227 /* Release */,
			);
			defaultConfigurationIsVisible = 0;
			defaultConfigurationName = Release;
		};
/* End XCConfigurationList section */
	};
	rootObject = 23905BCB1D3F148C0013C227 /* Project object */;
}
